// !$*UTF8*$!
{
	archiveVersion = 1;
	classes = {
	};
	objectVersion = 56;
	objects = {

/* Begin PBXBuildFile section */
		8116696E29CCE8E50081D823 /* HomeContentRowsView.swift in Sources */ = {isa = PBXBuildFile; fileRef = 8116696D29CCE8E50081D823 /* HomeContentRowsView.swift */; };
		812F30F829C8620300525BF7 /* SearchListRowView.swift in Sources */ = {isa = PBXBuildFile; fileRef = 812F30F729C8620300525BF7 /* SearchListRowView.swift */; };
		812F30FA29C8CB5500525BF7 /* ContentDetailView.swift in Sources */ = {isa = PBXBuildFile; fileRef = 812F30F929C8CB5500525BF7 /* ContentDetailView.swift */; };
		812F30FD29C8D12800525BF7 /* ContentModel.swift in Sources */ = {isa = PBXBuildFile; fileRef = 812F30FC29C8D12800525BF7 /* ContentModel.swift */; };
		812F30FF29C8D3EE00525BF7 /* ContentDetailsModel.swift in Sources */ = {isa = PBXBuildFile; fileRef = 812F30FE29C8D3EE00525BF7 /* ContentDetailsModel.swift */; };
		812F310129C8DEBB00525BF7 /* RankingViewModel.swift in Sources */ = {isa = PBXBuildFile; fileRef = 812F310029C8DEBB00525BF7 /* RankingViewModel.swift */; };
		8138A1D629D89B010077EDDC /* EditGenderSheet.swift in Sources */ = {isa = PBXBuildFile; fileRef = 8138A1D529D89B010077EDDC /* EditGenderSheet.swift */; };
		8140D0C829A61B5B0006DA92 /* SeriesDetailView.swift in Sources */ = {isa = PBXBuildFile; fileRef = 8140D0C729A61B5B0006DA92 /* SeriesDetailView.swift */; };
		8140D0CA29A80F440006DA92 /* TabBarView.swift in Sources */ = {isa = PBXBuildFile; fileRef = 8140D0C929A80F440006DA92 /* TabBarView.swift */; };
		8140D0CC29A810850006DA92 /* OnboardingView.swift in Sources */ = {isa = PBXBuildFile; fileRef = 8140D0CB29A810850006DA92 /* OnboardingView.swift */; };
		817B354129CE03E6001B1438 /* SingleRowView.swift in Sources */ = {isa = PBXBuildFile; fileRef = 817B354029CE03E6001B1438 /* SingleRowView.swift */; };
		817B354329CE1A03001B1438 /* NetworkingManager.swift in Sources */ = {isa = PBXBuildFile; fileRef = 817B354229CE1A03001B1438 /* NetworkingManager.swift */; };
		8199A80E29DC53D30035D2F0 /* LocationManager.swift in Sources */ = {isa = PBXBuildFile; fileRef = 8199A80D29DC53D30035D2F0 /* LocationManager.swift */; };
		8199A81329DCAD110035D2F0 /* NetflixLogo.swift in Sources */ = {isa = PBXBuildFile; fileRef = 8199A81229DCAD110035D2F0 /* NetflixLogo.swift */; };
		8199A81529DCAFAB0035D2F0 /* OnboardingQuestion.swift in Sources */ = {isa = PBXBuildFile; fileRef = 8199A81429DCAFAB0035D2F0 /* OnboardingQuestion.swift */; };
		8199A81729DD36610035D2F0 /* ListOfCountries.swift in Sources */ = {isa = PBXBuildFile; fileRef = 8199A81629DD36610035D2F0 /* ListOfCountries.swift */; };
		81B8543129D74369009E254E /* ProfileViewModel.swift in Sources */ = {isa = PBXBuildFile; fileRef = 81B8543029D74369009E254E /* ProfileViewModel.swift */; };
		81B8543429D80CA6009E254E /* EditNameSheet.swift in Sources */ = {isa = PBXBuildFile; fileRef = 81B8543329D80CA6009E254E /* EditNameSheet.swift */; };
		81B8543629D81F0E009E254E /* EditAgeSheet.swift in Sources */ = {isa = PBXBuildFile; fileRef = 81B8543529D81F0E009E254E /* EditAgeSheet.swift */; };
		81BC1FA829A964BE009CE2A0 /* RankingView.swift in Sources */ = {isa = PBXBuildFile; fileRef = 81BC1FA729A964BE009CE2A0 /* RankingView.swift */; };
		81BC1FAA29A964E6009CE2A0 /* ProfileView.swift in Sources */ = {isa = PBXBuildFile; fileRef = 81BC1FA929A964E6009CE2A0 /* ProfileView.swift */; };
		81D2B9B229C245B100DA1338 /* DataManager.swift in Sources */ = {isa = PBXBuildFile; fileRef = 81D2B9B129C245B100DA1338 /* DataManager.swift */; };
		81D2B9B429C24ACB00DA1338 /* SearchModel.swift in Sources */ = {isa = PBXBuildFile; fileRef = 81D2B9B329C24ACB00DA1338 /* SearchModel.swift */; };
		81D2B9B629C265B800DA1338 /* SearchViewModel.swift in Sources */ = {isa = PBXBuildFile; fileRef = 81D2B9B529C265B800DA1338 /* SearchViewModel.swift */; };
		81E8336D29A56081002AC51F /* NetflixSeriesApp.swift in Sources */ = {isa = PBXBuildFile; fileRef = 81E8336C29A56081002AC51F /* NetflixSeriesApp.swift */; };
		81E8336F29A56081002AC51F /* HomeView.swift in Sources */ = {isa = PBXBuildFile; fileRef = 81E8336E29A56081002AC51F /* HomeView.swift */; };
		81E8337129A56082002AC51F /* Assets.xcassets in Resources */ = {isa = PBXBuildFile; fileRef = 81E8337029A56082002AC51F /* Assets.xcassets */; };
		81E8337429A56082002AC51F /* Preview Assets.xcassets in Resources */ = {isa = PBXBuildFile; fileRef = 81E8337329A56082002AC51F /* Preview Assets.xcassets */; };
		81E8337E29A5615D002AC51F /* SeriesModel.swift in Sources */ = {isa = PBXBuildFile; fileRef = 81E8337D29A5615C002AC51F /* SeriesModel.swift */; };
		81E8338029A56CC3002AC51F /* OnboardingViewModel.swift in Sources */ = {isa = PBXBuildFile; fileRef = 81E8337F29A56CC3002AC51F /* OnboardingViewModel.swift */; };
/* End PBXBuildFile section */

/* Begin PBXFileReference section */
		8116696D29CCE8E50081D823 /* HomeContentRowsView.swift */ = {isa = PBXFileReference; lastKnownFileType = sourcecode.swift; path = HomeContentRowsView.swift; sourceTree = "<group>"; };
		812F30F729C8620300525BF7 /* SearchListRowView.swift */ = {isa = PBXFileReference; lastKnownFileType = sourcecode.swift; path = SearchListRowView.swift; sourceTree = "<group>"; };
		812F30F929C8CB5500525BF7 /* ContentDetailView.swift */ = {isa = PBXFileReference; lastKnownFileType = sourcecode.swift; path = ContentDetailView.swift; sourceTree = "<group>"; };
		812F30FC29C8D12800525BF7 /* ContentModel.swift */ = {isa = PBXFileReference; lastKnownFileType = sourcecode.swift; path = ContentModel.swift; sourceTree = "<group>"; };
		812F30FE29C8D3EE00525BF7 /* ContentDetailsModel.swift */ = {isa = PBXFileReference; lastKnownFileType = sourcecode.swift; path = ContentDetailsModel.swift; sourceTree = "<group>"; };
		812F310029C8DEBB00525BF7 /* RankingViewModel.swift */ = {isa = PBXFileReference; lastKnownFileType = sourcecode.swift; path = RankingViewModel.swift; sourceTree = "<group>"; };
		8138A1D529D89B010077EDDC /* EditGenderSheet.swift */ = {isa = PBXFileReference; lastKnownFileType = sourcecode.swift; path = EditGenderSheet.swift; sourceTree = "<group>"; };
		8140D0C729A61B5B0006DA92 /* SeriesDetailView.swift */ = {isa = PBXFileReference; lastKnownFileType = sourcecode.swift; path = SeriesDetailView.swift; sourceTree = "<group>"; };
		8140D0C929A80F440006DA92 /* TabBarView.swift */ = {isa = PBXFileReference; lastKnownFileType = sourcecode.swift; path = TabBarView.swift; sourceTree = "<group>"; };
		8140D0CB29A810850006DA92 /* OnboardingView.swift */ = {isa = PBXFileReference; lastKnownFileType = sourcecode.swift; path = OnboardingView.swift; sourceTree = "<group>"; };
		817B354029CE03E6001B1438 /* SingleRowView.swift */ = {isa = PBXFileReference; lastKnownFileType = sourcecode.swift; path = SingleRowView.swift; sourceTree = "<group>"; };
		817B354229CE1A03001B1438 /* NetworkingManager.swift */ = {isa = PBXFileReference; lastKnownFileType = sourcecode.swift; path = NetworkingManager.swift; sourceTree = "<group>"; };
		8199A80D29DC53D30035D2F0 /* LocationManager.swift */ = {isa = PBXFileReference; lastKnownFileType = sourcecode.swift; path = LocationManager.swift; sourceTree = "<group>"; };
		8199A81229DCAD110035D2F0 /* NetflixLogo.swift */ = {isa = PBXFileReference; lastKnownFileType = sourcecode.swift; path = NetflixLogo.swift; sourceTree = "<group>"; };
		8199A81429DCAFAB0035D2F0 /* OnboardingQuestion.swift */ = {isa = PBXFileReference; lastKnownFileType = sourcecode.swift; path = OnboardingQuestion.swift; sourceTree = "<group>"; };
		8199A81629DD36610035D2F0 /* ListOfCountries.swift */ = {isa = PBXFileReference; lastKnownFileType = sourcecode.swift; path = ListOfCountries.swift; sourceTree = "<group>"; };
		81B8543029D74369009E254E /* ProfileViewModel.swift */ = {isa = PBXFileReference; lastKnownFileType = sourcecode.swift; path = ProfileViewModel.swift; sourceTree = "<group>"; };
		81B8543329D80CA6009E254E /* EditNameSheet.swift */ = {isa = PBXFileReference; lastKnownFileType = sourcecode.swift; path = EditNameSheet.swift; sourceTree = "<group>"; };
		81B8543529D81F0E009E254E /* EditAgeSheet.swift */ = {isa = PBXFileReference; lastKnownFileType = sourcecode.swift; path = EditAgeSheet.swift; sourceTree = "<group>"; };
		81BC1FA729A964BE009CE2A0 /* RankingView.swift */ = {isa = PBXFileReference; lastKnownFileType = sourcecode.swift; path = RankingView.swift; sourceTree = "<group>"; };
		81BC1FA929A964E6009CE2A0 /* ProfileView.swift */ = {isa = PBXFileReference; lastKnownFileType = sourcecode.swift; path = ProfileView.swift; sourceTree = "<group>"; };
		81D2B9B129C245B100DA1338 /* DataManager.swift */ = {isa = PBXFileReference; lastKnownFileType = sourcecode.swift; path = DataManager.swift; sourceTree = "<group>"; };
		81D2B9B329C24ACB00DA1338 /* SearchModel.swift */ = {isa = PBXFileReference; lastKnownFileType = sourcecode.swift; path = SearchModel.swift; sourceTree = "<group>"; };
		81D2B9B529C265B800DA1338 /* SearchViewModel.swift */ = {isa = PBXFileReference; lastKnownFileType = sourcecode.swift; path = SearchViewModel.swift; sourceTree = "<group>"; };
		81E8336929A56081002AC51F /* NetflixSeries.app */ = {isa = PBXFileReference; explicitFileType = wrapper.application; includeInIndex = 0; path = NetflixSeries.app; sourceTree = BUILT_PRODUCTS_DIR; };
		81E8336C29A56081002AC51F /* NetflixSeriesApp.swift */ = {isa = PBXFileReference; lastKnownFileType = sourcecode.swift; path = NetflixSeriesApp.swift; sourceTree = "<group>"; };
		81E8336E29A56081002AC51F /* HomeView.swift */ = {isa = PBXFileReference; lastKnownFileType = sourcecode.swift; path = HomeView.swift; sourceTree = "<group>"; };
		81E8337029A56082002AC51F /* Assets.xcassets */ = {isa = PBXFileReference; lastKnownFileType = folder.assetcatalog; path = Assets.xcassets; sourceTree = "<group>"; };
		81E8337329A56082002AC51F /* Preview Assets.xcassets */ = {isa = PBXFileReference; lastKnownFileType = folder.assetcatalog; path = "Preview Assets.xcassets"; sourceTree = "<group>"; };
		81E8337D29A5615C002AC51F /* SeriesModel.swift */ = {isa = PBXFileReference; lastKnownFileType = sourcecode.swift; path = SeriesModel.swift; sourceTree = "<group>"; };
		81E8337F29A56CC3002AC51F /* OnboardingViewModel.swift */ = {isa = PBXFileReference; lastKnownFileType = sourcecode.swift; path = OnboardingViewModel.swift; sourceTree = "<group>"; };
		81F5D5CC29CC9E8700290573 /* Info.plist */ = {isa = PBXFileReference; lastKnownFileType = text.plist; path = Info.plist; sourceTree = "<group>"; };
/* End PBXFileReference section */

/* Begin PBXFrameworksBuildPhase section */
		81E8336629A56081002AC51F /* Frameworks */ = {
			isa = PBXFrameworksBuildPhase;
			buildActionMask = 2147483647;
			files = (
			);
			runOnlyForDeploymentPostprocessing = 0;
		};
/* End PBXFrameworksBuildPhase section */

/* Begin PBXGroup section */
		812F30FB29C8CBA600525BF7 /* Home */ = {
			isa = PBXGroup;
			children = (
				81E8336E29A56081002AC51F /* HomeView.swift */,
				81B8542C29D740FA009E254E /* HomeSubviews */,
			);
			path = Home;
			sourceTree = "<group>";
		};
		81403A6929D04AE900186DB2 /* MockData */ = {
			isa = PBXGroup;
			children = (
				8140D0C729A61B5B0006DA92 /* SeriesDetailView.swift */,
				81E8337D29A5615C002AC51F /* SeriesModel.swift */,
			);
			path = MockData;
			sourceTree = "<group>";
		};
		8199A81129DCACE20035D2F0 /* OnboardingSubViews */ = {
			isa = PBXGroup;
			children = (
				8199A81229DCAD110035D2F0 /* NetflixLogo.swift */,
				8199A81429DCAFAB0035D2F0 /* OnboardingQuestion.swift */,
				8199A81629DD36610035D2F0 /* ListOfCountries.swift */,
			);
			path = OnboardingSubViews;
			sourceTree = "<group>";
		};
		81B8542C29D740FA009E254E /* HomeSubviews */ = {
			isa = PBXGroup;
			children = (
				8116696D29CCE8E50081D823 /* HomeContentRowsView.swift */,
				817B354029CE03E6001B1438 /* SingleRowView.swift */,
				812F30F929C8CB5500525BF7 /* ContentDetailView.swift */,
				812F30F729C8620300525BF7 /* SearchListRowView.swift */,
			);
			path = HomeSubviews;
			sourceTree = "<group>";
		};
		81B8542D29D74135009E254E /* Ranking */ = {
			isa = PBXGroup;
			children = (
				81BC1FA729A964BE009CE2A0 /* RankingView.swift */,
				812F310029C8DEBB00525BF7 /* RankingViewModel.swift */,
			);
			path = Ranking;
			sourceTree = "<group>";
		};
		81B8542E29D741C9009E254E /* Profile */ = {
			isa = PBXGroup;
			children = (
				81BC1FA929A964E6009CE2A0 /* ProfileView.swift */,
				81B8543029D74369009E254E /* ProfileViewModel.swift */,
				81B8543229D80C23009E254E /* EditSheets */,
			);
			path = Profile;
			sourceTree = "<group>";
		};
		81B8542F29D74207009E254E /* Onboarding */ = {
			isa = PBXGroup;
			children = (
				8140D0CB29A810850006DA92 /* OnboardingView.swift */,
				81E8337F29A56CC3002AC51F /* OnboardingViewModel.swift */,
				8199A81129DCACE20035D2F0 /* OnboardingSubViews */,
			);
			path = Onboarding;
			sourceTree = "<group>";
		};
		81B8543229D80C23009E254E /* EditSheets */ = {
			isa = PBXGroup;
			children = (
				81B8543329D80CA6009E254E /* EditNameSheet.swift */,
				81B8543529D81F0E009E254E /* EditAgeSheet.swift */,
				8138A1D529D89B010077EDDC /* EditGenderSheet.swift */,
			);
			path = EditSheets;
			sourceTree = "<group>";
		};
		81D2B9B029C2457300DA1338 /* Services */ = {
			isa = PBXGroup;
			children = (
				81D2B9B129C245B100DA1338 /* DataManager.swift */,
				817B354229CE1A03001B1438 /* NetworkingManager.swift */,
				8199A80D29DC53D30035D2F0 /* LocationManager.swift */,
			);
			path = Services;
			sourceTree = "<group>";
		};
		81E8336029A56081002AC51F = {
			isa = PBXGroup;
			children = (
				81E8336B29A56081002AC51F /* NetflixSeries */,
				81E8336A29A56081002AC51F /* Products */,
			);
			sourceTree = "<group>";
		};
		81E8336A29A56081002AC51F /* Products */ = {
			isa = PBXGroup;
			children = (
				81E8336929A56081002AC51F /* NetflixSeries.app */,
			);
			name = Products;
			sourceTree = "<group>";
		};
		81E8336B29A56081002AC51F /* NetflixSeries */ = {
			isa = PBXGroup;
			children = (
				81F5D5CC29CC9E8700290573 /* Info.plist */,
				81E8336C29A56081002AC51F /* NetflixSeriesApp.swift */,
				81E8337A29A56091002AC51F /* Core */,
				81E8337C29A560A7002AC51F /* Models */,
				81D2B9B029C2457300DA1338 /* Services */,
				81403A6929D04AE900186DB2 /* MockData */,
				81E8337029A56082002AC51F /* Assets.xcassets */,
				81E8337229A56082002AC51F /* Preview Content */,
			);
			path = NetflixSeries;
			sourceTree = "<group>";
		};
		81E8337229A56082002AC51F /* Preview Content */ = {
			isa = PBXGroup;
			children = (
				81E8337329A56082002AC51F /* Preview Assets.xcassets */,
			);
			path = "Preview Content";
			sourceTree = "<group>";
		};
		81E8337A29A56091002AC51F /* Core */ = {
			isa = PBXGroup;
			children = (
				8140D0C929A80F440006DA92 /* TabBarView.swift */,
				81D2B9B529C265B800DA1338 /* SearchViewModel.swift */,
				812F30FB29C8CBA600525BF7 /* Home */,
				81B8542D29D74135009E254E /* Ranking */,
				81B8542F29D74207009E254E /* Onboarding */,
				81B8542E29D741C9009E254E /* Profile */,
			);
			path = Core;
			sourceTree = "<group>";
		};
		81E8337C29A560A7002AC51F /* Models */ = {
			isa = PBXGroup;
			children = (
				81D2B9B329C24ACB00DA1338 /* SearchModel.swift */,
				812F30FC29C8D12800525BF7 /* ContentModel.swift */,
				812F30FE29C8D3EE00525BF7 /* ContentDetailsModel.swift */,
			);
			path = Models;
			sourceTree = "<group>";
		};
/* End PBXGroup section */

/* Begin PBXNativeTarget section */
		81E8336829A56081002AC51F /* NetflixSeries */ = {
			isa = PBXNativeTarget;
			buildConfigurationList = 81E8337729A56082002AC51F /* Build configuration list for PBXNativeTarget "NetflixSeries" */;
			buildPhases = (
				81E8336529A56081002AC51F /* Sources */,
				81E8336629A56081002AC51F /* Frameworks */,
				81E8336729A56081002AC51F /* Resources */,
			);
			buildRules = (
			);
			dependencies = (
			);
			name = NetflixSeries;
			productName = NetflixSeries;
			productReference = 81E8336929A56081002AC51F /* NetflixSeries.app */;
			productType = "com.apple.product-type.application";
		};
/* End PBXNativeTarget section */

/* Begin PBXProject section */
		81E8336129A56081002AC51F /* Project object */ = {
			isa = PBXProject;
			attributes = {
				BuildIndependentTargetsInParallel = 1;
				LastSwiftUpdateCheck = 1420;
				LastUpgradeCheck = 1420;
				TargetAttributes = {
					81E8336829A56081002AC51F = {
						CreatedOnToolsVersion = 14.2;
					};
				};
			};
			buildConfigurationList = 81E8336429A56081002AC51F /* Build configuration list for PBXProject "NetflixSeries" */;
			compatibilityVersion = "Xcode 14.0";
			developmentRegion = en;
			hasScannedForEncodings = 0;
			knownRegions = (
				en,
				Base,
			);
			mainGroup = 81E8336029A56081002AC51F;
			productRefGroup = 81E8336A29A56081002AC51F /* Products */;
			projectDirPath = "";
			projectRoot = "";
			targets = (
				81E8336829A56081002AC51F /* NetflixSeries */,
			);
		};
/* End PBXProject section */

/* Begin PBXResourcesBuildPhase section */
		81E8336729A56081002AC51F /* Resources */ = {
			isa = PBXResourcesBuildPhase;
			buildActionMask = 2147483647;
			files = (
				81E8337429A56082002AC51F /* Preview Assets.xcassets in Resources */,
				81E8337129A56082002AC51F /* Assets.xcassets in Resources */,
			);
			runOnlyForDeploymentPostprocessing = 0;
		};
/* End PBXResourcesBuildPhase section */

/* Begin PBXSourcesBuildPhase section */
		81E8336529A56081002AC51F /* Sources */ = {
			isa = PBXSourcesBuildPhase;
			buildActionMask = 2147483647;
			files = (
				81B8543429D80CA6009E254E /* EditNameSheet.swift in Sources */,
				81D2B9B429C24ACB00DA1338 /* SearchModel.swift in Sources */,
				8199A80E29DC53D30035D2F0 /* LocationManager.swift in Sources */,
				8199A81329DCAD110035D2F0 /* NetflixLogo.swift in Sources */,
				817B354129CE03E6001B1438 /* SingleRowView.swift in Sources */,
				8199A81729DD36610035D2F0 /* ListOfCountries.swift in Sources */,
				81E8337E29A5615D002AC51F /* SeriesModel.swift in Sources */,
				8199A81529DCAFAB0035D2F0 /* OnboardingQuestion.swift in Sources */,
				81BC1FAA29A964E6009CE2A0 /* ProfileView.swift in Sources */,
				812F30FD29C8D12800525BF7 /* ContentModel.swift in Sources */,
				812F310129C8DEBB00525BF7 /* RankingViewModel.swift in Sources */,
				81B8543629D81F0E009E254E /* EditAgeSheet.swift in Sources */,
				81B8543129D74369009E254E /* ProfileViewModel.swift in Sources */,
				81BC1FA829A964BE009CE2A0 /* RankingView.swift in Sources */,
				812F30FF29C8D3EE00525BF7 /* ContentDetailsModel.swift in Sources */,
				81D2B9B229C245B100DA1338 /* DataManager.swift in Sources */,
				81E8336F29A56081002AC51F /* HomeView.swift in Sources */,
				812F30FA29C8CB5500525BF7 /* ContentDetailView.swift in Sources */,
				812F30F829C8620300525BF7 /* SearchListRowView.swift in Sources */,
				8140D0CC29A810850006DA92 /* OnboardingView.swift in Sources */,
				817B354329CE1A03001B1438 /* NetworkingManager.swift in Sources */,
				81E8336D29A56081002AC51F /* NetflixSeriesApp.swift in Sources */,
				8140D0C829A61B5B0006DA92 /* SeriesDetailView.swift in Sources */,
				8140D0CA29A80F440006DA92 /* TabBarView.swift in Sources */,
				8138A1D629D89B010077EDDC /* EditGenderSheet.swift in Sources */,
				8116696E29CCE8E50081D823 /* HomeContentRowsView.swift in Sources */,
				81E8338029A56CC3002AC51F /* OnboardingViewModel.swift in Sources */,
				81D2B9B629C265B800DA1338 /* SearchViewModel.swift in Sources */,
			);
			runOnlyForDeploymentPostprocessing = 0;
		};
/* End PBXSourcesBuildPhase section */

/* Begin XCBuildConfiguration section */
		81E8337529A56082002AC51F /* Debug */ = {
			isa = XCBuildConfiguration;
			buildSettings = {
				ALWAYS_SEARCH_USER_PATHS = NO;
				CLANG_ANALYZER_NONNULL = YES;
				CLANG_ANALYZER_NUMBER_OBJECT_CONVERSION = YES_AGGRESSIVE;
				CLANG_CXX_LANGUAGE_STANDARD = "gnu++20";
				CLANG_ENABLE_MODULES = YES;
				CLANG_ENABLE_OBJC_ARC = YES;
				CLANG_ENABLE_OBJC_WEAK = YES;
				CLANG_WARN_BLOCK_CAPTURE_AUTORELEASING = YES;
				CLANG_WARN_BOOL_CONVERSION = YES;
				CLANG_WARN_COMMA = YES;
				CLANG_WARN_CONSTANT_CONVERSION = YES;
				CLANG_WARN_DEPRECATED_OBJC_IMPLEMENTATIONS = YES;
				CLANG_WARN_DIRECT_OBJC_ISA_USAGE = YES_ERROR;
				CLANG_WARN_DOCUMENTATION_COMMENTS = YES;
				CLANG_WARN_EMPTY_BODY = YES;
				CLANG_WARN_ENUM_CONVERSION = YES;
				CLANG_WARN_INFINITE_RECURSION = YES;
				CLANG_WARN_INT_CONVERSION = YES;
				CLANG_WARN_NON_LITERAL_NULL_CONVERSION = YES;
				CLANG_WARN_OBJC_IMPLICIT_RETAIN_SELF = YES;
				CLANG_WARN_OBJC_LITERAL_CONVERSION = YES;
				CLANG_WARN_OBJC_ROOT_CLASS = YES_ERROR;
				CLANG_WARN_QUOTED_INCLUDE_IN_FRAMEWORK_HEADER = YES;
				CLANG_WARN_RANGE_LOOP_ANALYSIS = YES;
				CLANG_WARN_STRICT_PROTOTYPES = YES;
				CLANG_WARN_SUSPICIOUS_MOVE = YES;
				CLANG_WARN_UNGUARDED_AVAILABILITY = YES_AGGRESSIVE;
				CLANG_WARN_UNREACHABLE_CODE = YES;
				CLANG_WARN__DUPLICATE_METHOD_MATCH = YES;
				COPY_PHASE_STRIP = NO;
				DEBUG_INFORMATION_FORMAT = dwarf;
				ENABLE_STRICT_OBJC_MSGSEND = YES;
				ENABLE_TESTABILITY = YES;
				GCC_C_LANGUAGE_STANDARD = gnu11;
				GCC_DYNAMIC_NO_PIC = NO;
				GCC_NO_COMMON_BLOCKS = YES;
				GCC_OPTIMIZATION_LEVEL = 0;
				GCC_PREPROCESSOR_DEFINITIONS = (
					"DEBUG=1",
					"$(inherited)",
				);
				GCC_WARN_64_TO_32_BIT_CONVERSION = YES;
				GCC_WARN_ABOUT_RETURN_TYPE = YES_ERROR;
				GCC_WARN_UNDECLARED_SELECTOR = YES;
				GCC_WARN_UNINITIALIZED_AUTOS = YES_AGGRESSIVE;
				GCC_WARN_UNUSED_FUNCTION = YES;
				GCC_WARN_UNUSED_VARIABLE = YES;
				IPHONEOS_DEPLOYMENT_TARGET = 16.2;
				MTL_ENABLE_DEBUG_INFO = INCLUDE_SOURCE;
				MTL_FAST_MATH = YES;
				ONLY_ACTIVE_ARCH = YES;
				SDKROOT = iphoneos;
				SWIFT_ACTIVE_COMPILATION_CONDITIONS = DEBUG;
				SWIFT_OPTIMIZATION_LEVEL = "-Onone";
			};
			name = Debug;
		};
		81E8337629A56082002AC51F /* Release */ = {
			isa = XCBuildConfiguration;
			buildSettings = {
				ALWAYS_SEARCH_USER_PATHS = NO;
				CLANG_ANALYZER_NONNULL = YES;
				CLANG_ANALYZER_NUMBER_OBJECT_CONVERSION = YES_AGGRESSIVE;
				CLANG_CXX_LANGUAGE_STANDARD = "gnu++20";
				CLANG_ENABLE_MODULES = YES;
				CLANG_ENABLE_OBJC_ARC = YES;
				CLANG_ENABLE_OBJC_WEAK = YES;
				CLANG_WARN_BLOCK_CAPTURE_AUTORELEASING = YES;
				CLANG_WARN_BOOL_CONVERSION = YES;
				CLANG_WARN_COMMA = YES;
				CLANG_WARN_CONSTANT_CONVERSION = YES;
				CLANG_WARN_DEPRECATED_OBJC_IMPLEMENTATIONS = YES;
				CLANG_WARN_DIRECT_OBJC_ISA_USAGE = YES_ERROR;
				CLANG_WARN_DOCUMENTATION_COMMENTS = YES;
				CLANG_WARN_EMPTY_BODY = YES;
				CLANG_WARN_ENUM_CONVERSION = YES;
				CLANG_WARN_INFINITE_RECURSION = YES;
				CLANG_WARN_INT_CONVERSION = YES;
				CLANG_WARN_NON_LITERAL_NULL_CONVERSION = YES;
				CLANG_WARN_OBJC_IMPLICIT_RETAIN_SELF = YES;
				CLANG_WARN_OBJC_LITERAL_CONVERSION = YES;
				CLANG_WARN_OBJC_ROOT_CLASS = YES_ERROR;
				CLANG_WARN_QUOTED_INCLUDE_IN_FRAMEWORK_HEADER = YES;
				CLANG_WARN_RANGE_LOOP_ANALYSIS = YES;
				CLANG_WARN_STRICT_PROTOTYPES = YES;
				CLANG_WARN_SUSPICIOUS_MOVE = YES;
				CLANG_WARN_UNGUARDED_AVAILABILITY = YES_AGGRESSIVE;
				CLANG_WARN_UNREACHABLE_CODE = YES;
				CLANG_WARN__DUPLICATE_METHOD_MATCH = YES;
				COPY_PHASE_STRIP = NO;
				DEBUG_INFORMATION_FORMAT = "dwarf-with-dsym";
				ENABLE_NS_ASSERTIONS = NO;
				ENABLE_STRICT_OBJC_MSGSEND = YES;
				GCC_C_LANGUAGE_STANDARD = gnu11;
				GCC_NO_COMMON_BLOCKS = YES;
				GCC_WARN_64_TO_32_BIT_CONVERSION = YES;
				GCC_WARN_ABOUT_RETURN_TYPE = YES_ERROR;
				GCC_WARN_UNDECLARED_SELECTOR = YES;
				GCC_WARN_UNINITIALIZED_AUTOS = YES_AGGRESSIVE;
				GCC_WARN_UNUSED_FUNCTION = YES;
				GCC_WARN_UNUSED_VARIABLE = YES;
				IPHONEOS_DEPLOYMENT_TARGET = 16.2;
				MTL_ENABLE_DEBUG_INFO = NO;
				MTL_FAST_MATH = YES;
				SDKROOT = iphoneos;
				SWIFT_COMPILATION_MODE = wholemodule;
				SWIFT_OPTIMIZATION_LEVEL = "-O";
				VALIDATE_PRODUCT = YES;
			};
			name = Release;
		};
		81E8337829A56082002AC51F /* Debug */ = {
			isa = XCBuildConfiguration;
			buildSettings = {
				ASSETCATALOG_COMPILER_APPICON_NAME = AppIcon;
				ASSETCATALOG_COMPILER_GLOBAL_ACCENT_COLOR_NAME = AccentColor;
				CODE_SIGN_STYLE = Automatic;
				CURRENT_PROJECT_VERSION = 1;
				DEVELOPMENT_ASSET_PATHS = "\"NetflixSeries/Preview Content\"";
				DEVELOPMENT_TEAM = NJ6276552N;
				ENABLE_PREVIEWS = YES;
				GENERATE_INFOPLIST_FILE = YES;
				INFOPLIST_FILE = NetflixSeries/Info.plist;
				INFOPLIST_KEY_CFBundleDisplayName = "Netflix Clone";
				INFOPLIST_KEY_LSApplicationCategoryType = "public.app-category.entertainment";
				INFOPLIST_KEY_NSLocationWhenInUseUsageDescription = "App Netflix Clone would like to use your location information to display in which country is your device currently used.";
				INFOPLIST_KEY_UIApplicationSceneManifest_Generation = YES;
				INFOPLIST_KEY_UIApplicationSupportsIndirectInputEvents = YES;
				INFOPLIST_KEY_UILaunchScreen_Generation = YES;
				INFOPLIST_KEY_UISupportedInterfaceOrientations = UIInterfaceOrientationPortrait;
				INFOPLIST_KEY_UISupportedInterfaceOrientations_iPad = "UIInterfaceOrientationLandscapeLeft UIInterfaceOrientationLandscapeRight UIInterfaceOrientationPortrait UIInterfaceOrientationPortraitUpsideDown";
				INFOPLIST_KEY_UIUserInterfaceStyle = Dark;
				IPHONEOS_DEPLOYMENT_TARGET = 16.0;
				LD_RUNPATH_SEARCH_PATHS = (
					"$(inherited)",
					"@executable_path/Frameworks",
				);
				MARKETING_VERSION = 1.0;
				PRODUCT_BUNDLE_IDENTIFIER = com.vojtechkalivoda.NetflixSeries;
				PRODUCT_NAME = "$(TARGET_NAME)";
				SWIFT_EMIT_LOC_STRINGS = YES;
				SWIFT_VERSION = 5.0;
				TARGETED_DEVICE_FAMILY = "1,2";
			};
			name = Debug;
		};
		81E8337929A56082002AC51F /* Release */ = {
			isa = XCBuildConfiguration;
			buildSettings = {
				ASSETCATALOG_COMPILER_APPICON_NAME = AppIcon;
				ASSETCATALOG_COMPILER_GLOBAL_ACCENT_COLOR_NAME = AccentColor;
				CODE_SIGN_STYLE = Automatic;
				CURRENT_PROJECT_VERSION = 1;
				DEVELOPMENT_ASSET_PATHS = "\"NetflixSeries/Preview Content\"";
				DEVELOPMENT_TEAM = NJ6276552N;
				ENABLE_PREVIEWS = YES;
				GENERATE_INFOPLIST_FILE = YES;
				INFOPLIST_FILE = NetflixSeries/Info.plist;
				INFOPLIST_KEY_CFBundleDisplayName = "Netflix Clone";
				INFOPLIST_KEY_LSApplicationCategoryType = "public.app-category.entertainment";
				INFOPLIST_KEY_NSLocationWhenInUseUsageDescription = "App Netflix Clone would like to use your location information to display in which country is your device currently used.";
				INFOPLIST_KEY_UIApplicationSceneManifest_Generation = YES;
				INFOPLIST_KEY_UIApplicationSupportsIndirectInputEvents = YES;
				INFOPLIST_KEY_UILaunchScreen_Generation = YES;
				INFOPLIST_KEY_UISupportedInterfaceOrientations = UIInterfaceOrientationPortrait;
				INFOPLIST_KEY_UISupportedInterfaceOrientations_iPad = "UIInterfaceOrientationLandscapeLeft UIInterfaceOrientationLandscapeRight UIInterfaceOrientationPortrait UIInterfaceOrientationPortraitUpsideDown";
				INFOPLIST_KEY_UIUserInterfaceStyle = Dark;
				IPHONEOS_DEPLOYMENT_TARGET = 16.0;
				LD_RUNPATH_SEARCH_PATHS = (
					"$(inherited)",
					"@executable_path/Frameworks",
				);
				MARKETING_VERSION = 1.0;
				PRODUCT_BUNDLE_IDENTIFIER = com.vojtechkalivoda.NetflixSeries;
				PRODUCT_NAME = "$(TARGET_NAME)";
				SWIFT_EMIT_LOC_STRINGS = YES;
				SWIFT_VERSION = 5.0;
				TARGETED_DEVICE_FAMILY = "1,2";
			};
			name = Release;
		};
/* End XCBuildConfiguration section */

/* Begin XCConfigurationList section */
		81E8336429A56081002AC51F /* Build configuration list for PBXProject "NetflixSeries" */ = {
			isa = XCConfigurationList;
			buildConfigurations = (
				81E8337529A56082002AC51F /* Debug */,
				81E8337629A56082002AC51F /* Release */,
			);
			defaultConfigurationIsVisible = 0;
			defaultConfigurationName = Release;
		};
		81E8337729A56082002AC51F /* Build configuration list for PBXNativeTarget "NetflixSeries" */ = {
			isa = XCConfigurationList;
			buildConfigurations = (
				81E8337829A56082002AC51F /* Debug */,
				81E8337929A56082002AC51F /* Release */,
			);
			defaultConfigurationIsVisible = 0;
			defaultConfigurationName = Release;
		};
/* End XCConfigurationList section */
	};
	rootObject = 81E8336129A56081002AC51F /* Project object */;
}
